
Microsoft Visual Studio Solution File, Format Version 12.00
# Visual Studio Version 17
VisualStudioVersion = 17.5.33516.290
MinimumVisualStudioVersion = 10.0.40219.1
Project("{FAE04EC0-301F-11D3-BF4B-00C04F79EFBC}") = "MusciPlayerApp", "MusciPlayerApp\MusciPlayerApp.csproj", "{B6F1D81F-26A1-47D6-B91E-A081549CD6DB}"
EndProject
Global
	GlobalSection(SolutionConfigurationPlatforms) = preSolution
		Debug|Any CPU = Debug|Any CPU
		Release|Any CPU = Release|Any CPU
	EndGlobalSection
	GlobalSection(ProjectConfigurationPlatforms) = postSolution
		{B6F1D81F-26A1-47D6-B91E-A081549CD6DB}.Debug|Any CPU.ActiveCfg = Debug|Any CPU
		{B6F1D81F-26A1-47D6-B91E-A081549CD6DB}.Debug|Any CPU.Build.0 = Debug|Any CPU
		{B6F1D81F-26A1-47D6-B91E-A081549CD6DB}.Release|Any CPU.ActiveCfg = Release|Any CPU
		{B6F1D81F-26A1-47D6-B91E-A081549CD6DB}.Release|Any CPU.Build.0 = Release|Any CPU
	EndGlobalSection
	GlobalSection(SolutionProperties) = preSolution
		HideSolutionNode = FALSE
	EndGlobalSection
	GlobalSection(ExtensibilityGlobals) = postSolution
		SolutionGuid = {22AE17B9-1AEE-43D2-A6F2-EED4B91DE9B5}
	EndGlobalSection
EndGlobal
